<?xml version="1.0" encoding="utf-8"?>
<Project ToolsVersion="4.0" xmlns="http://schemas.microsoft.com/developer/msbuild/2003">
  <ItemGroup>
    <Filter Include="Source Files">
      <UniqueIdentifier>{4FC737F1-C7A5-4376-A066-2A32D752A2FF}</UniqueIdentifier>
      <Extensions>cpp;c;cc;cxx;def;odl;idl;hpj;bat;asm;asmx</Extensions>
    </Filter>
  </ItemGroup>
  <ItemGroup>
    <ClInclude Include="..\..\Src\Eemm.h">
      <Filter>Source Files</Filter>
    </ClInclude>
    <ClInclude Include="..\..\Src\Eemm_Conf.h">
      <Filter>Source Files</Filter>
    </ClInclude>
    <ClInclude Include="..\..\Src\Eemm_Def.h">
      <Filter>Source Files</Filter>
    </ClInclude>
    <ClInclude Include="..\..\Src\Eemm_Eep.h">
      <Filter>Source Files</Filter>
    </ClInclude>
    <ClInclude Include="..\..\Src\Eemm_Func.h">
      <Filter>Source Files</Filter>
    </ClInclude>
    <ClInclude Include="..\..\Src\Eemm_Gd.h">
      <Filter>Source Files</Filter>
    </ClInclude>
    <ClInclude Include="..\..\Src\Eemm_Kwp.h">
      <Filter>Source Files</Filter>
    </ClInclude>
    <ClInclude Include="..\..\Src\Eemm_Task.h">
      <Filter>Source Files</Filter>
    </ClInclude>
  </ItemGroup>
  <ItemGroup>
    <ClCompile Include="..\..\Src\Eemm_Conf.c">
      <Filter>Source Files</Filter>
    </ClCompile>
    <ClCompile Include="..\..\Src\Eemm_Eep.c">
      <Filter>Source Files</Filter>
    </ClCompile>
    <ClCompile Include="..\..\Src\Eemm_Func.c">
      <Filter>Source Files</Filter>
    </ClCompile>
    <ClCompile Include="..\..\Src\Eemm_Kwp.c">
      <Filter>Source Files</Filter>
    </ClCompile>
    <ClCompile Include="..\..\Src\Eemm_Task.c">
      <Filter>Source Files</Filter>
    </ClCompile>
  </ItemGroup>
</Project>