<?xml version="1.0" encoding="utf-8"?>
<Project ToolsVersion="4.0" xmlns="http://schemas.microsoft.com/developer/msbuild/2003">
  <ItemGroup>
    <Filter Include="Source Files">
      <UniqueIdentifier>{4FC737F1-C7A5-4376-A066-2A32D752A2FF}</UniqueIdentifier>
      <Extensions>cpp;c;cc;cxx;def;odl;idl;hpj;bat;asm;asmx</Extensions>
    </Filter>
    <Filter Include="Source Files\MBD">
      <UniqueIdentifier>{14c8fa72-b379-44b0-8225-99fbd9f2cca1}</UniqueIdentifier>
    </Filter>
  </ItemGroup>
  <ItemGroup>
    <ClCompile Include="..\..\MBD\Gen\HighClearance_model.c">
      <Filter>Source Files\MBD</Filter>
    </ClCompile>
    <ClCompile Include="..\..\Src\HighClearance_eeprom.cpp">
      <Filter>Source Files</Filter>
    </ClCompile>
    <ClCompile Include="..\..\Src\HighClearance_gd.cpp">
      <Filter>Source Files</Filter>
    </ClCompile>
    <ClCompile Include="..\..\Src\HighClearance_logic.cpp">
      <Filter>Source Files</Filter>
    </ClCompile>
    <ClCompile Include="..\..\Src\HighClearance_task.cpp">
      <Filter>Source Files</Filter>
    </ClCompile>
  </ItemGroup>
  <ItemGroup>
    <ClInclude Include="..\..\MBD\Gen\HighClearance_model.h">
      <Filter>Source Files\MBD</Filter>
    </ClInclude>
    <ClInclude Include="..\..\Src\HC_GD_ID.h">
      <Filter>Source Files</Filter>
    </ClInclude>
    <ClInclude Include="..\..\Src\HighClearance_eeprom.h">
      <Filter>Source Files</Filter>
    </ClInclude>
    <ClInclude Include="..\..\Src\HighClearance_enum.h">
      <Filter>Source Files</Filter>
    </ClInclude>
    <ClInclude Include="..\..\Src\HighClearance_gd.h">
      <Filter>Source Files</Filter>
    </ClInclude>
    <ClInclude Include="..\..\Src\HighClearance_logic.h">
      <Filter>Source Files</Filter>
    </ClInclude>
    <ClInclude Include="..\..\Src\HighClearance_task.h">
      <Filter>Source Files</Filter>
    </ClInclude>
  </ItemGroup>
</Project>